Microsoft Visual Studio Solution File, Format Version 10.00
# Visual Studio 2008
Project("{F184B08F-C81C-45F6-A57F-5ABD9991F28F}") = "SpiderPOS", "spider_pos_cloud.csproj", "{2D079F9E-4B79-4507-ADF6-DFC6C80FB29C}"
EndProject
Project("{F184B08F-C81C-45F6-A57F-5ABD9991F28F}") = "DataSet_Builder", "..\DataSet_Builder\DataSet_Builder.csproj", "{D2F8A0CB-3E3D-4DB4-9624-DC3A4C54AE85}"
EndProject
Global
	GlobalSection(SolutionConfigurationPlatforms) = preSolution
		Debug|Any CPU = Debug|Any CPU
		DebugLocal|Any CPU = DebugLocal|Any CPU
		Production|Any CPU = Production|Any CPU
		Release|Any CPU = Release|Any CPU
	EndGlobalSection
	GlobalSection(ProjectConfigurationPlatforms) = postSolution
		{2D079F9E-4B79-4507-ADF6-DFC6C80FB29C}.Debug|Any CPU.ActiveCfg = Debug|Any CPU
		{2D079F9E-4B79-4507-ADF6-DFC6C80FB29C}.Debug|Any CPU.Build.0 = Debug|Any CPU
		{2D079F9E-4B79-4507-ADF6-DFC6C80FB29C}.DebugLocal|Any CPU.ActiveCfg = Debug|Any CPU
		{2D079F9E-4B79-4507-ADF6-DFC6C80FB29C}.DebugLocal|Any CPU.Build.0 = Debug|Any CPU
		{2D079F9E-4B79-4507-ADF6-DFC6C80FB29C}.Production|Any CPU.ActiveCfg = Release|Any CPU
		{2D079F9E-4B79-4507-ADF6-DFC6C80FB29C}.Production|Any CPU.Build.0 = Release|Any CPU
		{2D079F9E-4B79-4507-ADF6-DFC6C80FB29C}.Release|Any CPU.ActiveCfg = Release|Any CPU
		{2D079F9E-4B79-4507-ADF6-DFC6C80FB29C}.Release|Any CPU.Build.0 = Release|Any CPU
		{D2F8A0CB-3E3D-4DB4-9624-DC3A4C54AE85}.Debug|Any CPU.ActiveCfg = Debug|Any CPU
		{D2F8A0CB-3E3D-4DB4-9624-DC3A4C54AE85}.Debug|Any CPU.Build.0 = Debug|Any CPU
		{D2F8A0CB-3E3D-4DB4-9624-DC3A4C54AE85}.DebugLocal|Any CPU.ActiveCfg = Debug|Any CPU
		{D2F8A0CB-3E3D-4DB4-9624-DC3A4C54AE85}.DebugLocal|Any CPU.Build.0 = Debug|Any CPU
		{D2F8A0CB-3E3D-4DB4-9624-DC3A4C54AE85}.Production|Any CPU.ActiveCfg = Release|Any CPU
		{D2F8A0CB-3E3D-4DB4-9624-DC3A4C54AE85}.Production|Any CPU.Build.0 = Release|Any CPU
		{D2F8A0CB-3E3D-4DB4-9624-DC3A4C54AE85}.Release|Any CPU.ActiveCfg = Release|Any CPU
		{D2F8A0CB-3E3D-4DB4-9624-DC3A4C54AE85}.Release|Any CPU.Build.0 = Release|Any CPU
	EndGlobalSection
	GlobalSection(SolutionProperties) = preSolution
		HideSolutionNode = FALSE
	EndGlobalSection
	GlobalSection(DPCodeReviewSolutionGUID) = preSolution
		DPCodeReviewSolutionGUID = {00000000-0000-0000-0000-000000000000}
	EndGlobalSection
EndGlobal
